
Microsoft Visual Studio Solution File, Format Version 12.00
# Visual Studio Version 16
VisualStudioVersion = 16.0.30523.141
MinimumVisualStudioVersion = 10.0.40219.1
Project("{FAE04EC0-301F-11D3-BF4B-00C04F79EFBC}") = "HospitalManagementSystem", "HospitalManagementSystem.csproj", "{41E7FEEE-C139-468C-8B06-BBBB84A5A0DD}"
EndProject
Global
	GlobalSection(SolutionConfigurationPlatforms) = preSolution
		Debug|Any CPU = Debug|Any CPU
		Release|Any CPU = Release|Any CPU
	EndGlobalSection
	GlobalSection(ProjectConfigurationPlatforms) = postSolution
		{41E7FEEE-C139-468C-8B06-BBBB84A5A0DD}.Debug|Any CPU.ActiveCfg = Debug|Any CPU
		{41E7FEEE-C139-468C-8B06-BBBB84A5A0DD}.Debug|Any CPU.Build.0 = Debug|Any CPU
		{41E7FEEE-C139-468C-8B06-BBBB84A5A0DD}.Release|Any CPU.ActiveCfg = Release|Any CPU
		{41E7FEEE-C139-468C-8B06-BBBB84A5A0DD}.Release|Any CPU.Build.0 = Release|Any CPU
	EndGlobalSection
	GlobalSection(SolutionProperties) = preSolution
		HideSolutionNode = FALSE
	EndGlobalSection
	GlobalSection(ExtensibilityGlobals) = postSolution
		SolutionGuid = {98ABD980-3F5C-47A5-8E91-55F24E3E4317}
	EndGlobalSection
EndGlobal
